// !$*UTF8*$!
{
	archiveVersion = 1;
	classes = {
	};
	objectVersion = 55;
	objects = {

/* Begin PBXBuildFile section */
		DBDF0B1828CE82070008CEAF /* AppDelegate.swift in Sources */ = {isa = PBXBuildFile; fileRef = DBDF0B1728CE82070008CEAF /* AppDelegate.swift */; };
		DBDF0B1A28CE82070008CEAF /* SceneDelegate.swift in Sources */ = {isa = PBXBuildFile; fileRef = DBDF0B1928CE82070008CEAF /* SceneDelegate.swift */; };
		DBDF0B1C28CE82070008CEAF /* ViewController.swift in Sources */ = {isa = PBXBuildFile; fileRef = DBDF0B1B28CE82070008CEAF /* ViewController.swift */; };
		DBDF0B1F28CE82070008CEAF /* Main.storyboard in Resources */ = {isa = PBXBuildFile; fileRef = DBDF0B1D28CE82070008CEAF /* Main.storyboard */; };
		DBDF0B2128CE820B0008CEAF /* Assets.xcassets in Resources */ = {isa = PBXBuildFile; fileRef = DBDF0B2028CE820B0008CEAF /* Assets.xcassets */; };
		DBDF0B2428CE820B0008CEAF /* LaunchScreen.storyboard in Resources */ = {isa = PBXBuildFile; fileRef = DBDF0B2228CE820B0008CEAF /* LaunchScreen.storyboard */; };
		DBDF0B2F28CE820C0008CEAF /* HW1Tests.swift in Sources */ = {isa = PBXBuildFile; fileRef = DBDF0B2E28CE820C0008CEAF /* HW1Tests.swift */; };
		DBDF0B3928CE820C0008CEAF /* HW1UITests.swift in Sources */ = {isa = PBXBuildFile; fileRef = DBDF0B3828CE820C0008CEAF /* HW1UITests.swift */; };
		DBDF0B3B28CE820C0008CEAF /* HW1UITestsLaunchTests.swift in Sources */ = {isa = PBXBuildFile; fileRef = DBDF0B3A28CE820C0008CEAF /* HW1UITestsLaunchTests.swift */; };
/* End PBXBuildFile section */

/* Begin PBXContainerItemProxy section */
		DBDF0B2B28CE820C0008CEAF /* PBXContainerItemProxy */ = {
			isa = PBXContainerItemProxy;
			containerPortal = DBDF0B0C28CE82070008CEAF /* Project object */;
			proxyType = 1;
			remoteGlobalIDString = DBDF0B1328CE82070008CEAF;
			remoteInfo = HW1;
		};
		DBDF0B3528CE820C0008CEAF /* PBXContainerItemProxy */ = {
			isa = PBXContainerItemProxy;
			containerPortal = DBDF0B0C28CE82070008CEAF /* Project object */;
			proxyType = 1;
			remoteGlobalIDString = DBDF0B1328CE82070008CEAF;
			remoteInfo = HW1;
		};
/* End PBXContainerItemProxy section */

/* Begin PBXFileReference section */
		DBDF0B1428CE82070008CEAF /* arzaripov_2PW1.app */ = {isa = PBXFileReference; explicitFileType = wrapper.application; includeInIndex = 0; path = arzaripov_2PW1.app; sourceTree = BUILT_PRODUCTS_DIR; };
		DBDF0B1728CE82070008CEAF /* AppDelegate.swift */ = {isa = PBXFileReference; lastKnownFileType = sourcecode.swift; path = AppDelegate.swift; sourceTree = "<group>"; };
		DBDF0B1928CE82070008CEAF /* SceneDelegate.swift */ = {isa = PBXFileReference; lastKnownFileType = sourcecode.swift; path = SceneDelegate.swift; sourceTree = "<group>"; };
		DBDF0B1B28CE82070008CEAF /* ViewController.swift */ = {isa = PBXFileReference; lastKnownFileType = sourcecode.swift; path = ViewController.swift; sourceTree = "<group>"; };
		DBDF0B1E28CE82070008CEAF /* Base */ = {isa = PBXFileReference; lastKnownFileType = file.storyboard; name = Base; path = Base.lproj/Main.storyboard; sourceTree = "<group>"; };
		DBDF0B2028CE820B0008CEAF /* Assets.xcassets */ = {isa = PBXFileReference; lastKnownFileType = folder.assetcatalog; path = Assets.xcassets; sourceTree = "<group>"; };
		DBDF0B2328CE820B0008CEAF /* Base */ = {isa = PBXFileReference; lastKnownFileType = file.storyboard; name = Base; path = Base.lproj/LaunchScreen.storyboard; sourceTree = "<group>"; };
		DBDF0B2528CE820B0008CEAF /* Info.plist */ = {isa = PBXFileReference; lastKnownFileType = text.plist.xml; path = Info.plist; sourceTree = "<group>"; };
		DBDF0B2A28CE820C0008CEAF /* arzaripov_2PW1Tests.xctest */ = {isa = PBXFileReference; explicitFileType = wrapper.cfbundle; includeInIndex = 0; path = arzaripov_2PW1Tests.xctest; sourceTree = BUILT_PRODUCTS_DIR; };
		DBDF0B2E28CE820C0008CEAF /* HW1Tests.swift */ = {isa = PBXFileReference; lastKnownFileType = sourcecode.swift; path = HW1Tests.swift; sourceTree = "<group>"; };
		DBDF0B3428CE820C0008CEAF /* arzaripov_2PW1UITests.xctest */ = {isa = PBXFileReference; explicitFileType = wrapper.cfbundle; includeInIndex = 0; path = arzaripov_2PW1UITests.xctest; sourceTree = BUILT_PRODUCTS_DIR; };
		DBDF0B3828CE820C0008CEAF /* HW1UITests.swift */ = {isa = PBXFileReference; lastKnownFileType = sourcecode.swift; path = HW1UITests.swift; sourceTree = "<group>"; };
		DBDF0B3A28CE820C0008CEAF /* HW1UITestsLaunchTests.swift */ = {isa = PBXFileReference; lastKnownFileType = sourcecode.swift; path = HW1UITestsLaunchTests.swift; sourceTree = "<group>"; };
/* End PBXFileReference section */

/* Begin PBXFrameworksBuildPhase section */
		DBDF0B1128CE82070008CEAF /* Frameworks */ = {
			isa = PBXFrameworksBuildPhase;
			buildActionMask = 2147483647;
			files = (
			);
			runOnlyForDeploymentPostprocessing = 0;
		};
		DBDF0B2728CE820C0008CEAF /* Frameworks */ = {
			isa = PBXFrameworksBuildPhase;
			buildActionMask = 2147483647;
			files = (
			);
			runOnlyForDeploymentPostprocessing = 0;
		};
		DBDF0B3128CE820C0008CEAF /* Frameworks */ = {
			isa = PBXFrameworksBuildPhase;
			buildActionMask = 2147483647;
			files = (
			);
			runOnlyForDeploymentPostprocessing = 0;
		};
/* End PBXFrameworksBuildPhase section */

/* Begin PBXGroup section */
		DBDF0B0B28CE82070008CEAF = {
			isa = PBXGroup;
			children = (
				DBDF0B1628CE82070008CEAF /* HW1 */,
				DBDF0B2D28CE820C0008CEAF /* HW1Tests */,
				DBDF0B3728CE820C0008CEAF /* HW1UITests */,
				DBDF0B1528CE82070008CEAF /* Products */,
			);
			sourceTree = "<group>";
		};
		DBDF0B1528CE82070008CEAF /* Products */ = {
			isa = PBXGroup;
			children = (
				DBDF0B1428CE82070008CEAF /* arzaripov_2PW1.app */,
				DBDF0B2A28CE820C0008CEAF /* arzaripov_2PW1Tests.xctest */,
				DBDF0B3428CE820C0008CEAF /* arzaripov_2PW1UITests.xctest */,
			);
			name = Products;
			sourceTree = "<group>";
		};
		DBDF0B1628CE82070008CEAF /* HW1 */ = {
			isa = PBXGroup;
			children = (
				DBDF0B1728CE82070008CEAF /* AppDelegate.swift */,
				DBDF0B1928CE82070008CEAF /* SceneDelegate.swift */,
				DBDF0B1B28CE82070008CEAF /* ViewController.swift */,
				DBDF0B1D28CE82070008CEAF /* Main.storyboard */,
				DBDF0B2028CE820B0008CEAF /* Assets.xcassets */,
				DBDF0B2228CE820B0008CEAF /* LaunchScreen.storyboard */,
				DBDF0B2528CE820B0008CEAF /* Info.plist */,
			);
			path = HW1;
			sourceTree = "<group>";
		};
		DBDF0B2D28CE820C0008CEAF /* HW1Tests */ = {
			isa = PBXGroup;
			children = (
				DBDF0B2E28CE820C0008CEAF /* HW1Tests.swift */,
			);
			path = HW1Tests;
			sourceTree = "<group>";
		};
		DBDF0B3728CE820C0008CEAF /* HW1UITests */ = {
			isa = PBXGroup;
			children = (
				DBDF0B3828CE820C0008CEAF /* HW1UITests.swift */,
				DBDF0B3A28CE820C0008CEAF /* HW1UITestsLaunchTests.swift */,
			);
			path = HW1UITests;
			sourceTree = "<group>";
		};
/* End PBXGroup section */

/* Begin PBXNativeTarget section */
		DBDF0B1328CE82070008CEAF /* arzaripov_2PW1 */ = {
			isa = PBXNativeTarget;
			buildConfigurationList = DBDF0B3E28CE820C0008CEAF /* Build configuration list for PBXNativeTarget "arzaripov_2PW1" */;
			buildPhases = (
				DBDF0B1028CE82070008CEAF /* Sources */,
				DBDF0B1128CE82070008CEAF /* Frameworks */,
				DBDF0B1228CE82070008CEAF /* Resources */,
			);
			buildRules = (
			);
			dependencies = (
			);
			name = arzaripov_2PW1;
			productName = HW1;
			productReference = DBDF0B1428CE82070008CEAF /* arzaripov_2PW1.app */;
			productType = "com.apple.product-type.application";
		};
		DBDF0B2928CE820C0008CEAF /* arzaripov_2PW1Tests */ = {
			isa = PBXNativeTarget;
			buildConfigurationList = DBDF0B4128CE820C0008CEAF /* Build configuration list for PBXNativeTarget "arzaripov_2PW1Tests" */;
			buildPhases = (
				DBDF0B2628CE820C0008CEAF /* Sources */,
				DBDF0B2728CE820C0008CEAF /* Frameworks */,
				DBDF0B2828CE820C0008CEAF /* Resources */,
			);
			buildRules = (
			);
			dependencies = (
				DBDF0B2C28CE820C0008CEAF /* PBXTargetDependency */,
			);
			name = arzaripov_2PW1Tests;
			productName = HW1Tests;
			productReference = DBDF0B2A28CE820C0008CEAF /* arzaripov_2PW1Tests.xctest */;
			productType = "com.apple.product-type.bundle.unit-test";
		};
		DBDF0B3328CE820C0008CEAF /* arzaripov_2PW1UITests */ = {
			isa = PBXNativeTarget;
			buildConfigurationList = DBDF0B4428CE820C0008CEAF /* Build configuration list for PBXNativeTarget "arzaripov_2PW1UITests" */;
			buildPhases = (
				DBDF0B3028CE820C0008CEAF /* Sources */,
				DBDF0B3128CE820C0008CEAF /* Frameworks */,
				DBDF0B3228CE820C0008CEAF /* Resources */,
			);
			buildRules = (
			);
			dependencies = (
				DBDF0B3628CE820C0008CEAF /* PBXTargetDependency */,
			);
			name = arzaripov_2PW1UITests;
			productName = HW1UITests;
			productReference = DBDF0B3428CE820C0008CEAF /* arzaripov_2PW1UITests.xctest */;
			productType = "com.apple.product-type.bundle.ui-testing";
		};
/* End PBXNativeTarget section */

/* Begin PBXProject section */
		DBDF0B0C28CE82070008CEAF /* Project object */ = {
			isa = PBXProject;
			attributes = {
				BuildIndependentTargetsInParallel = 1;
				LastSwiftUpdateCheck = 1340;
				LastUpgradeCheck = 1340;
				TargetAttributes = {
					DBDF0B1328CE82070008CEAF = {
						CreatedOnToolsVersion = 13.4.1;
					};
					DBDF0B2928CE820C0008CEAF = {
						CreatedOnToolsVersion = 13.4.1;
						TestTargetID = DBDF0B1328CE82070008CEAF;
					};
					DBDF0B3328CE820C0008CEAF = {
						CreatedOnToolsVersion = 13.4.1;
						TestTargetID = DBDF0B1328CE82070008CEAF;
					};
				};
			};
			buildConfigurationList = DBDF0B0F28CE82070008CEAF /* Build configuration list for PBXProject "arzaripov_2PW1" */;
			compatibilityVersion = "Xcode 13.0";
			developmentRegion = en;
			hasScannedForEncodings = 0;
			knownRegions = (
				en,
				Base,
			);
			mainGroup = DBDF0B0B28CE82070008CEAF;
			productRefGroup = DBDF0B1528CE82070008CEAF /* Products */;
			projectDirPath = "";
			projectRoot = "";
			targets = (
				DBDF0B1328CE82070008CEAF /* arzaripov_2PW1 */,
				DBDF0B2928CE820C0008CEAF /* arzaripov_2PW1Tests */,
				DBDF0B3328CE820C0008CEAF /* arzaripov_2PW1UITests */,
			);
		};
/* End PBXProject section */

/* Begin PBXResourcesBuildPhase section */
		DBDF0B1228CE82070008CEAF /* Resources */ = {
			isa = PBXResourcesBuildPhase;
			buildActionMask = 2147483647;
			files = (
				DBDF0B2428CE820B0008CEAF /* LaunchScreen.storyboard in Resources */,
				DBDF0B2128CE820B0008CEAF /* Assets.xcassets in Resources */,
				DBDF0B1F28CE82070008CEAF /* Main.storyboard in Resources */,
			);
			runOnlyForDeploymentPostprocessing = 0;
		};
		DBDF0B2828CE820C0008CEAF /* Resources */ = {
			isa = PBXResourcesBuildPhase;
			buildActionMask = 2147483647;
			files = (
			);
			runOnlyForDeploymentPostprocessing = 0;
		};
		DBDF0B3228CE820C0008CEAF /* Resources */ = {
			isa = PBXResourcesBuildPhase;
			buildActionMask = 2147483647;
			files = (
			);
			runOnlyForDeploymentPostprocessing = 0;
		};
/* End PBXResourcesBuildPhase section */

/* Begin PBXSourcesBuildPhase section */
		DBDF0B1028CE82070008CEAF /* Sources */ = {
			isa = PBXSourcesBuildPhase;
			buildActionMask = 2147483647;
			files = (
				DBDF0B1C28CE82070008CEAF /* ViewController.swift in Sources */,
				DBDF0B1828CE82070008CEAF /* AppDelegate.swift in Sources */,
				DBDF0B1A28CE82070008CEAF /* SceneDelegate.swift in Sources */,
			);
			runOnlyForDeploymentPostprocessing = 0;
		};
		DBDF0B2628CE820C0008CEAF /* Sources */ = {
			isa = PBXSourcesBuildPhase;
			buildActionMask = 2147483647;
			files = (
				DBDF0B2F28CE820C0008CEAF /* HW1Tests.swift in Sources */,
			);
			runOnlyForDeploymentPostprocessing = 0;
		};
		DBDF0B3028CE820C0008CEAF /* Sources */ = {
			isa = PBXSourcesBuildPhase;
			buildActionMask = 2147483647;
			files = (
				DBDF0B3928CE820C0008CEAF /* HW1UITests.swift in Sources */,
				DBDF0B3B28CE820C0008CEAF /* HW1UITestsLaunchTests.swift in Sources */,
			);
			runOnlyForDeploymentPostprocessing = 0;
		};
/* End PBXSourcesBuildPhase section */

/* Begin PBXTargetDependency section */
		DBDF0B2C28CE820C0008CEAF /* PBXTargetDependency */ = {
			isa = PBXTargetDependency;
			target = DBDF0B1328CE82070008CEAF /* arzaripov_2PW1 */;
			targetProxy = DBDF0B2B28CE820C0008CEAF /* PBXContainerItemProxy */;
		};
		DBDF0B3628CE820C0008CEAF /* PBXTargetDependency */ = {
			isa = PBXTargetDependency;
			target = DBDF0B1328CE82070008CEAF /* arzaripov_2PW1 */;
			targetProxy = DBDF0B3528CE820C0008CEAF /* PBXContainerItemProxy */;
		};
/* End PBXTargetDependency section */

/* Begin PBXVariantGroup section */
		DBDF0B1D28CE82070008CEAF /* Main.storyboard */ = {
			isa = PBXVariantGroup;
			children = (
				DBDF0B1E28CE82070008CEAF /* Base */,
			);
			name = Main.storyboard;
			sourceTree = "<group>";
		};
		DBDF0B2228CE820B0008CEAF /* LaunchScreen.storyboard */ = {
			isa = PBXVariantGroup;
			children = (
				DBDF0B2328CE820B0008CEAF /* Base */,
			);
			name = LaunchScreen.storyboard;
			sourceTree = "<group>";
		};
/* End PBXVariantGroup section */

/* Begin XCBuildConfiguration section */
		DBDF0B3C28CE820C0008CEAF /* Debug */ = {
			isa = XCBuildConfiguration;
			buildSettings = {
				ALWAYS_SEARCH_USER_PATHS = NO;
				CLANG_ANALYZER_NONNULL = YES;
				CLANG_ANALYZER_NUMBER_OBJECT_CONVERSION = YES_AGGRESSIVE;
				CLANG_CXX_LANGUAGE_STANDARD = "gnu++17";
				CLANG_ENABLE_MODULES = YES;
				CLANG_ENABLE_OBJC_ARC = YES;
				CLANG_ENABLE_OBJC_WEAK = YES;
				CLANG_WARN_BLOCK_CAPTURE_AUTORELEASING = YES;
				CLANG_WARN_BOOL_CONVERSION = YES;
				CLANG_WARN_COMMA = YES;
				CLANG_WARN_CONSTANT_CONVERSION = YES;
				CLANG_WARN_DEPRECATED_OBJC_IMPLEMENTATIONS = YES;
				CLANG_WARN_DIRECT_OBJC_ISA_USAGE = YES_ERROR;
				CLANG_WARN_DOCUMENTATION_COMMENTS = YES;
				CLANG_WARN_EMPTY_BODY = YES;
				CLANG_WARN_ENUM_CONVERSION = YES;
				CLANG_WARN_INFINITE_RECURSION = YES;
				CLANG_WARN_INT_CONVERSION = YES;
				CLANG_WARN_NON_LITERAL_NULL_CONVERSION = YES;
				CLANG_WARN_OBJC_IMPLICIT_RETAIN_SELF = YES;
				CLANG_WARN_OBJC_LITERAL_CONVERSION = YES;
				CLANG_WARN_OBJC_ROOT_CLASS = YES_ERROR;
				CLANG_WARN_QUOTED_INCLUDE_IN_FRAMEWORK_HEADER = YES;
				CLANG_WARN_RANGE_LOOP_ANALYSIS = YES;
				CLANG_WARN_STRICT_PROTOTYPES = YES;
				CLANG_WARN_SUSPICIOUS_MOVE = YES;
				CLANG_WARN_UNGUARDED_AVAILABILITY = YES_AGGRESSIVE;
				CLANG_WARN_UNREACHABLE_CODE = YES;
				CLANG_WARN__DUPLICATE_METHOD_MATCH = YES;
				COPY_PHASE_STRIP = NO;
				DEBUG_INFORMATION_FORMAT = dwarf;
				ENABLE_STRICT_OBJC_MSGSEND = YES;
				ENABLE_TESTABILITY = YES;
				GCC_C_LANGUAGE_STANDARD = gnu11;
				GCC_DYNAMIC_NO_PIC = NO;
				GCC_NO_COMMON_BLOCKS = YES;
				GCC_OPTIMIZATION_LEVEL = 0;
				GCC_PREPROCESSOR_DEFINITIONS = (
					"DEBUG=1",
					"$(inherited)",
				);
				GCC_WARN_64_TO_32_BIT_CONVERSION = YES;
				GCC_WARN_ABOUT_RETURN_TYPE = YES_ERROR;
				GCC_WARN_UNDECLARED_SELECTOR = YES;
				GCC_WARN_UNINITIALIZED_AUTOS = YES_AGGRESSIVE;
				GCC_WARN_UNUSED_FUNCTION = YES;
				GCC_WARN_UNUSED_VARIABLE = YES;
				IPHONEOS_DEPLOYMENT_TARGET = 15.5;
				MTL_ENABLE_DEBUG_INFO = INCLUDE_SOURCE;
				MTL_FAST_MATH = YES;
				ONLY_ACTIVE_ARCH = YES;
				SDKROOT = iphoneos;
				SWIFT_ACTIVE_COMPILATION_CONDITIONS = DEBUG;
				SWIFT_OPTIMIZATION_LEVEL = "-Onone";
			};
			name = Debug;
		};
		DBDF0B3D28CE820C0008CEAF /* Release */ = {
			isa = XCBuildConfiguration;
			buildSettings = {
				ALWAYS_SEARCH_USER_PATHS = NO;
				CLANG_ANALYZER_NONNULL = YES;
				CLANG_ANALYZER_NUMBER_OBJECT_CONVERSION = YES_AGGRESSIVE;
				CLANG_CXX_LANGUAGE_STANDARD = "gnu++17";
				CLANG_ENABLE_MODULES = YES;
				CLANG_ENABLE_OBJC_ARC = YES;
				CLANG_ENABLE_OBJC_WEAK = YES;
				CLANG_WARN_BLOCK_CAPTURE_AUTORELEASING = YES;
				CLANG_WARN_BOOL_CONVERSION = YES;
				CLANG_WARN_COMMA = YES;
				CLANG_WARN_CONSTANT_CONVERSION = YES;
				CLANG_WARN_DEPRECATED_OBJC_IMPLEMENTATIONS = YES;
				CLANG_WARN_DIRECT_OBJC_ISA_USAGE = YES_ERROR;
				CLANG_WARN_DOCUMENTATION_COMMENTS = YES;
				CLANG_WARN_EMPTY_BODY = YES;
				CLANG_WARN_ENUM_CONVERSION = YES;
				CLANG_WARN_INFINITE_RECURSION = YES;
				CLANG_WARN_INT_CONVERSION = YES;
				CLANG_WARN_NON_LITERAL_NULL_CONVERSION = YES;
				CLANG_WARN_OBJC_IMPLICIT_RETAIN_SELF = YES;
				CLANG_WARN_OBJC_LITERAL_CONVERSION = YES;
				CLANG_WARN_OBJC_ROOT_CLASS = YES_ERROR;
				CLANG_WARN_QUOTED_INCLUDE_IN_FRAMEWORK_HEADER = YES;
				CLANG_WARN_RANGE_LOOP_ANALYSIS = YES;
				CLANG_WARN_STRICT_PROTOTYPES = YES;
				CLANG_WARN_SUSPICIOUS_MOVE = YES;
				CLANG_WARN_UNGUARDED_AVAILABILITY = YES_AGGRESSIVE;
				CLANG_WARN_UNREACHABLE_CODE = YES;
				CLANG_WARN__DUPLICATE_METHOD_MATCH = YES;
				COPY_PHASE_STRIP = NO;
				DEBUG_INFORMATION_FORMAT = "dwarf-with-dsym";
				ENABLE_NS_ASSERTIONS = NO;
				ENABLE_STRICT_OBJC_MSGSEND = YES;
				GCC_C_LANGUAGE_STANDARD = gnu11;
				GCC_NO_COMMON_BLOCKS = YES;
				GCC_WARN_64_TO_32_BIT_CONVERSION = YES;
				GCC_WARN_ABOUT_RETURN_TYPE = YES_ERROR;
				GCC_WARN_UNDECLARED_SELECTOR = YES;
				GCC_WARN_UNINITIALIZED_AUTOS = YES_AGGRESSIVE;
				GCC_WARN_UNUSED_FUNCTION = YES;
				GCC_WARN_UNUSED_VARIABLE = YES;
				IPHONEOS_DEPLOYMENT_TARGET = 15.5;
				MTL_ENABLE_DEBUG_INFO = NO;
				MTL_FAST_MATH = YES;
				SDKROOT = iphoneos;
				SWIFT_COMPILATION_MODE = wholemodule;
				SWIFT_OPTIMIZATION_LEVEL = "-O";
				VALIDATE_PRODUCT = YES;
			};
			name = Release;
		};
		DBDF0B3F28CE820C0008CEAF /* Debug */ = {
			isa = XCBuildConfiguration;
			buildSettings = {
				ASSETCATALOG_COMPILER_APPICON_NAME = AppIcon;
				ASSETCATALOG_COMPILER_GLOBAL_ACCENT_COLOR_NAME = AccentColor;
				CODE_SIGN_STYLE = Automatic;
				CURRENT_PROJECT_VERSION = 1;
				DEVELOPMENT_TEAM = 644G8KT888;
				GENERATE_INFOPLIST_FILE = YES;
				INFOPLIST_FILE = HW1/Info.plist;
				INFOPLIST_KEY_CFBundleDisplayName = arzaripov_2PW1;
				INFOPLIST_KEY_UIApplicationSupportsIndirectInputEvents = YES;
				INFOPLIST_KEY_UILaunchStoryboardName = LaunchScreen;
				INFOPLIST_KEY_UIMainStoryboardFile = Main;
				INFOPLIST_KEY_UISupportedInterfaceOrientations_iPad = "UIInterfaceOrientationPortrait UIInterfaceOrientationPortraitUpsideDown UIInterfaceOrientationLandscapeLeft UIInterfaceOrientationLandscapeRight";
				INFOPLIST_KEY_UISupportedInterfaceOrientations_iPhone = "UIInterfaceOrientationPortrait UIInterfaceOrientationLandscapeLeft UIInterfaceOrientationLandscapeRight";
				LD_RUNPATH_SEARCH_PATHS = (
					"$(inherited)",
					"@executable_path/Frameworks",
				);
				MARKETING_VERSION = 1.0;
				PRODUCT_BUNDLE_IDENTIFIER = hseIOSseminar.HW1;
				PRODUCT_NAME = "$(TARGET_NAME)";
				SWIFT_EMIT_LOC_STRINGS = YES;
				SWIFT_VERSION = 5.0;
				TARGETED_DEVICE_FAMILY = "1,2";
			};
			name = Debug;
		};
		DBDF0B4028CE820C0008CEAF /* Release */ = {
			isa = XCBuildConfiguration;
			buildSettings = {
				ASSETCATALOG_COMPILER_APPICON_NAME = AppIcon;
				ASSETCATALOG_COMPILER_GLOBAL_ACCENT_COLOR_NAME = AccentColor;
				CODE_SIGN_STYLE = Automatic;
				CURRENT_PROJECT_VERSION = 1;
				DEVELOPMENT_TEAM = 644G8KT888;
				GENERATE_INFOPLIST_FILE = YES;
				INFOPLIST_FILE = HW1/Info.plist;
				INFOPLIST_KEY_CFBundleDisplayName = arzaripov_2PW1;
				INFOPLIST_KEY_UIApplicationSupportsIndirectInputEvents = YES;
				INFOPLIST_KEY_UILaunchStoryboardName = LaunchScreen;
				INFOPLIST_KEY_UIMainStoryboardFile = Main;
				INFOPLIST_KEY_UISupportedInterfaceOrientations_iPad = "UIInterfaceOrientationPortrait UIInterfaceOrientationPortraitUpsideDown UIInterfaceOrientationLandscapeLeft UIInterfaceOrientationLandscapeRight";
				INFOPLIST_KEY_UISupportedInterfaceOrientations_iPhone = "UIInterfaceOrientationPortrait UIInterfaceOrientationLandscapeLeft UIInterfaceOrientationLandscapeRight";
				LD_RUNPATH_SEARCH_PATHS = (
					"$(inherited)",
					"@executable_path/Frameworks",
				);
				MARKETING_VERSION = 1.0;
				PRODUCT_BUNDLE_IDENTIFIER = hseIOSseminar.HW1;
				PRODUCT_NAME = "$(TARGET_NAME)";
				SWIFT_EMIT_LOC_STRINGS = YES;
				SWIFT_VERSION = 5.0;
				TARGETED_DEVICE_FAMILY = "1,2";
			};
			name = Release;
		};
		DBDF0B4228CE820C0008CEAF /* Debug */ = {
			isa = XCBuildConfiguration;
			buildSettings = {
				ALWAYS_EMBED_SWIFT_STANDARD_LIBRARIES = YES;
				BUNDLE_LOADER = "$(TEST_HOST)";
				CODE_SIGN_STYLE = Automatic;
				CURRENT_PROJECT_VERSION = 1;
				DEVELOPMENT_TEAM = 644G8KT888;
				GENERATE_INFOPLIST_FILE = YES;
				IPHONEOS_DEPLOYMENT_TARGET = 15.5;
				MARKETING_VERSION = 1.0;
				PRODUCT_BUNDLE_IDENTIFIER = hseIOSseminar.HW1Tests;
				PRODUCT_NAME = "$(TARGET_NAME)";
				SWIFT_EMIT_LOC_STRINGS = NO;
				SWIFT_VERSION = 5.0;
				TARGETED_DEVICE_FAMILY = "1,2";
				TEST_HOST = "$(BUILT_PRODUCTS_DIR)/arzaripov_2PW1.app/arzaripov_2PW1";
			};
			name = Debug;
		};
		DBDF0B4328CE820C0008CEAF /* Release */ = {
			isa = XCBuildConfiguration;
			buildSettings = {
				ALWAYS_EMBED_SWIFT_STANDARD_LIBRARIES = YES;
				BUNDLE_LOADER = "$(TEST_HOST)";
				CODE_SIGN_STYLE = Automatic;
				CURRENT_PROJECT_VERSION = 1;
				DEVELOPMENT_TEAM = 644G8KT888;
				GENERATE_INFOPLIST_FILE = YES;
				IPHONEOS_DEPLOYMENT_TARGET = 15.5;
				MARKETING_VERSION = 1.0;
				PRODUCT_BUNDLE_IDENTIFIER = hseIOSseminar.HW1Tests;
				PRODUCT_NAME = "$(TARGET_NAME)";
				SWIFT_EMIT_LOC_STRINGS = NO;
				SWIFT_VERSION = 5.0;
				TARGETED_DEVICE_FAMILY = "1,2";
				TEST_HOST = "$(BUILT_PRODUCTS_DIR)/arzaripov_2PW1.app/arzaripov_2PW1";
			};
			name = Release;
		};
		DBDF0B4528CE820C0008CEAF /* Debug */ = {
			isa = XCBuildConfiguration;
			buildSettings = {
				ALWAYS_EMBED_SWIFT_STANDARD_LIBRARIES = YES;
				CODE_SIGN_STYLE = Automatic;
				CURRENT_PROJECT_VERSION = 1;
				DEVELOPMENT_TEAM = 644G8KT888;
				GENERATE_INFOPLIST_FILE = YES;
				MARKETING_VERSION = 1.0;
				PRODUCT_BUNDLE_IDENTIFIER = hseIOSseminar.HW1UITests;
				PRODUCT_NAME = "$(TARGET_NAME)";
				SWIFT_EMIT_LOC_STRINGS = NO;
				SWIFT_VERSION = 5.0;
				TARGETED_DEVICE_FAMILY = "1,2";
				TEST_TARGET_NAME = HW1;
			};
			name = Debug;
		};
		DBDF0B4628CE820C0008CEAF /* Release */ = {
			isa = XCBuildConfiguration;
			buildSettings = {
				ALWAYS_EMBED_SWIFT_STANDARD_LIBRARIES = YES;
				CODE_SIGN_STYLE = Automatic;
				CURRENT_PROJECT_VERSION = 1;
				DEVELOPMENT_TEAM = 644G8KT888;
				GENERATE_INFOPLIST_FILE = YES;
				MARKETING_VERSION = 1.0;
				PRODUCT_BUNDLE_IDENTIFIER = hseIOSseminar.HW1UITests;
				PRODUCT_NAME = "$(TARGET_NAME)";
				SWIFT_EMIT_LOC_STRINGS = NO;
				SWIFT_VERSION = 5.0;
				TARGETED_DEVICE_FAMILY = "1,2";
				TEST_TARGET_NAME = HW1;
			};
			name = Release;
		};
/* End XCBuildConfiguration section */

/* Begin XCConfigurationList section */
		DBDF0B0F28CE82070008CEAF /* Build configuration list for PBXProject "arzaripov_2PW1" */ = {
			isa = XCConfigurationList;
			buildConfigurations = (
				DBDF0B3C28CE820C0008CEAF /* Debug */,
				DBDF0B3D28CE820C0008CEAF /* Release */,
			);
			defaultConfigurationIsVisible = 0;
			defaultConfigurationName = Release;
		};
		DBDF0B3E28CE820C0008CEAF /* Build configuration list for PBXNativeTarget "arzaripov_2PW1" */ = {
			isa = XCConfigurationList;
			buildConfigurations = (
				DBDF0B3F28CE820C0008CEAF /* Debug */,
				DBDF0B4028CE820C0008CEAF /* Release */,
			);
			defaultConfigurationIsVisible = 0;
			defaultConfigurationName = Release;
		};
		DBDF0B4128CE820C0008CEAF /* Build configuration list for PBXNativeTarget "arzaripov_2PW1Tests" */ = {
			isa = XCConfigurationList;
			buildConfigurations = (
				DBDF0B4228CE820C0008CEAF /* Debug */,
				DBDF0B4328CE820C0008CEAF /* Release */,
			);
			defaultConfigurationIsVisible = 0;
			defaultConfigurationName = Release;
		};
		DBDF0B4428CE820C0008CEAF /* Build configuration list for PBXNativeTarget "arzaripov_2PW1UITests" */ = {
			isa = XCConfigurationList;
			buildConfigurations = (
				DBDF0B4528CE820C0008CEAF /* Debug */,
				DBDF0B4628CE820C0008CEAF /* Release */,
			);
			defaultConfigurationIsVisible = 0;
			defaultConfigurationName = Release;
		};
/* End XCConfigurationList section */
	};
	rootObject = DBDF0B0C28CE82070008CEAF /* Project object */;
}
